
Microsoft Visual Studio Solution File, Format Version 12.00
# Visual Studio Version 16
VisualStudioVersion = 16.0.30517.126
MinimumVisualStudioVersion = 10.0.40219.1
Project("{8BC9CEB8-8B4A-11D0-8D11-00A0C91BC942}") = "Задание 5", "Задание 5.vcxproj", "{C138BE27-78FF-4B19-90A3-7D8CEA37F4DF}"
EndProject
Global
	GlobalSection(SolutionConfigurationPlatforms) = preSolution
		Debug|x64 = Debug|x64
		Debug|x86 = Debug|x86
		Release|x64 = Release|x64
		Release|x86 = Release|x86
	EndGlobalSection
	GlobalSection(ProjectConfigurationPlatforms) = postSolution
		{C138BE27-78FF-4B19-90A3-7D8CEA37F4DF}.Debug|x64.ActiveCfg = Debug|x64
		{C138BE27-78FF-4B19-90A3-7D8CEA37F4DF}.Debug|x64.Build.0 = Debug|x64
		{C138BE27-78FF-4B19-90A3-7D8CEA37F4DF}.Debug|x86.ActiveCfg = Debug|Win32
		{C138BE27-78FF-4B19-90A3-7D8CEA37F4DF}.Debug|x86.Build.0 = Debug|Win32
		{C138BE27-78FF-4B19-90A3-7D8CEA37F4DF}.Release|x64.ActiveCfg = Release|x64
		{C138BE27-78FF-4B19-90A3-7D8CEA37F4DF}.Release|x64.Build.0 = Release|x64
		{C138BE27-78FF-4B19-90A3-7D8CEA37F4DF}.Release|x86.ActiveCfg = Release|Win32
		{C138BE27-78FF-4B19-90A3-7D8CEA37F4DF}.Release|x86.Build.0 = Release|Win32
	EndGlobalSection
	GlobalSection(SolutionProperties) = preSolution
		HideSolutionNode = FALSE
	EndGlobalSection
	GlobalSection(ExtensibilityGlobals) = postSolution
		SolutionGuid = {67BBC4CE-5354-446F-BAE7-BA2BF0B796BB}
	EndGlobalSection
EndGlobal
